
Microsoft Visual Studio Solution File, Format Version 12.00
# Visual Studio 15
VisualStudioVersion = 15.0.28307.572
MinimumVisualStudioVersion = 10.0.40219.1
Project("{FAE04EC0-301F-11D3-BF4B-00C04F79EFBC}") = "MapSample", "MapSample\MapSample.csproj", "{EC927885-9D4B-4EF6-AFD1-131CC5A7702F}"
EndProject
Global
	GlobalSection(SolutionConfigurationPlatforms) = preSolution
		Debug|Any CPU = Debug|Any CPU
		Release|Any CPU = Release|Any CPU
	EndGlobalSection
	GlobalSection(ProjectConfigurationPlatforms) = postSolution
		{EC927885-9D4B-4EF6-AFD1-131CC5A7702F}.Debug|Any CPU.ActiveCfg = Debug|Any CPU
		{EC927885-9D4B-4EF6-AFD1-131CC5A7702F}.Debug|Any CPU.Build.0 = Debug|Any CPU
		{EC927885-9D4B-4EF6-AFD1-131CC5A7702F}.Release|Any CPU.ActiveCfg = Release|Any CPU
		{EC927885-9D4B-4EF6-AFD1-131CC5A7702F}.Release|Any CPU.Build.0 = Release|Any CPU
	EndGlobalSection
	GlobalSection(SolutionProperties) = preSolution
		HideSolutionNode = FALSE
	EndGlobalSection
	GlobalSection(ExtensibilityGlobals) = postSolution
		SolutionGuid = {82C9AEB3-7C0F-4D32-B269-AA96123A6AA3}
	EndGlobalSection
EndGlobal
